// !$*UTF8*$!
{
	archiveVersion = 1;
	classes = {
	};
	objectVersion = 56;
	objects = {

/* Begin PBXBuildFile section */
		29C0AB912A27409900628CA7 /* SmartConverterChallengeApp.swift in Sources */ = {isa = PBXBuildFile; fileRef = 29C0AB902A27409900628CA7 /* SmartConverterChallengeApp.swift */; };
		29C0AB932A27409900628CA7 /* ContentView.swift in Sources */ = {isa = PBXBuildFile; fileRef = 29C0AB922A27409900628CA7 /* ContentView.swift */; };
		29C0AB952A27409B00628CA7 /* Assets.xcassets in Resources */ = {isa = PBXBuildFile; fileRef = 29C0AB942A27409B00628CA7 /* Assets.xcassets */; };
		29C0AB982A27409B00628CA7 /* Preview Assets.xcassets in Resources */ = {isa = PBXBuildFile; fileRef = 29C0AB972A27409B00628CA7 /* Preview Assets.xcassets */; };
		29C0ABA02A2741D800628CA7 /* TemperatureView.swift in Sources */ = {isa = PBXBuildFile; fileRef = 29C0AB9F2A2741D800628CA7 /* TemperatureView.swift */; };
		29C0ABA22A2741F400628CA7 /* LenghtView.swift in Sources */ = {isa = PBXBuildFile; fileRef = 29C0ABA12A2741F400628CA7 /* LenghtView.swift */; };
		29C0ABA42A27420700628CA7 /* TimeView.swift in Sources */ = {isa = PBXBuildFile; fileRef = 29C0ABA32A27420700628CA7 /* TimeView.swift */; };
		29C0ABA62A27420E00628CA7 /* VolumeView.swift in Sources */ = {isa = PBXBuildFile; fileRef = 29C0ABA52A27420E00628CA7 /* VolumeView.swift */; };
		29C0ABA82A27422E00628CA7 /* Converter.swift in Sources */ = {isa = PBXBuildFile; fileRef = 29C0ABA72A27422E00628CA7 /* Converter.swift */; };
		29C0ABAA2A2746A800628CA7 /* NoneView.swift in Sources */ = {isa = PBXBuildFile; fileRef = 29C0ABA92A2746A800628CA7 /* NoneView.swift */; };
/* End PBXBuildFile section */

/* Begin PBXFileReference section */
		29C0AB8D2A27409900628CA7 /* SmartConverterChallenge.app */ = {isa = PBXFileReference; explicitFileType = wrapper.application; includeInIndex = 0; path = SmartConverterChallenge.app; sourceTree = BUILT_PRODUCTS_DIR; };
		29C0AB902A27409900628CA7 /* SmartConverterChallengeApp.swift */ = {isa = PBXFileReference; lastKnownFileType = sourcecode.swift; path = SmartConverterChallengeApp.swift; sourceTree = "<group>"; };
		29C0AB922A27409900628CA7 /* ContentView.swift */ = {isa = PBXFileReference; lastKnownFileType = sourcecode.swift; path = ContentView.swift; sourceTree = "<group>"; };
		29C0AB942A27409B00628CA7 /* Assets.xcassets */ = {isa = PBXFileReference; lastKnownFileType = folder.assetcatalog; path = Assets.xcassets; sourceTree = "<group>"; };
		29C0AB972A27409B00628CA7 /* Preview Assets.xcassets */ = {isa = PBXFileReference; lastKnownFileType = folder.assetcatalog; path = "Preview Assets.xcassets"; sourceTree = "<group>"; };
		29C0AB9F2A2741D800628CA7 /* TemperatureView.swift */ = {isa = PBXFileReference; lastKnownFileType = sourcecode.swift; path = TemperatureView.swift; sourceTree = "<group>"; };
		29C0ABA12A2741F400628CA7 /* LenghtView.swift */ = {isa = PBXFileReference; lastKnownFileType = sourcecode.swift; path = LenghtView.swift; sourceTree = "<group>"; };
		29C0ABA32A27420700628CA7 /* TimeView.swift */ = {isa = PBXFileReference; lastKnownFileType = sourcecode.swift; path = TimeView.swift; sourceTree = "<group>"; };
		29C0ABA52A27420E00628CA7 /* VolumeView.swift */ = {isa = PBXFileReference; lastKnownFileType = sourcecode.swift; path = VolumeView.swift; sourceTree = "<group>"; };
		29C0ABA72A27422E00628CA7 /* Converter.swift */ = {isa = PBXFileReference; lastKnownFileType = sourcecode.swift; path = Converter.swift; sourceTree = "<group>"; };
		29C0ABA92A2746A800628CA7 /* NoneView.swift */ = {isa = PBXFileReference; lastKnownFileType = sourcecode.swift; path = NoneView.swift; sourceTree = "<group>"; };
/* End PBXFileReference section */

/* Begin PBXFrameworksBuildPhase section */
		29C0AB8A2A27409900628CA7 /* Frameworks */ = {
			isa = PBXFrameworksBuildPhase;
			buildActionMask = 2147483647;
			files = (
			);
			runOnlyForDeploymentPostprocessing = 0;
		};
/* End PBXFrameworksBuildPhase section */

/* Begin PBXGroup section */
		29C0AB842A27409900628CA7 = {
			isa = PBXGroup;
			children = (
				29C0AB8F2A27409900628CA7 /* SmartConverterChallenge */,
				29C0AB8E2A27409900628CA7 /* Products */,
			);
			sourceTree = "<group>";
		};
		29C0AB8E2A27409900628CA7 /* Products */ = {
			isa = PBXGroup;
			children = (
				29C0AB8D2A27409900628CA7 /* SmartConverterChallenge.app */,
			);
			name = Products;
			sourceTree = "<group>";
		};
		29C0AB8F2A27409900628CA7 /* SmartConverterChallenge */ = {
			isa = PBXGroup;
			children = (
				29C0AB9E2A2741C600628CA7 /* Views */,
				29C0AB902A27409900628CA7 /* SmartConverterChallengeApp.swift */,
				29C0AB922A27409900628CA7 /* ContentView.swift */,
				29C0ABA72A27422E00628CA7 /* Converter.swift */,
				29C0AB942A27409B00628CA7 /* Assets.xcassets */,
				29C0AB962A27409B00628CA7 /* Preview Content */,
			);
			path = SmartConverterChallenge;
			sourceTree = "<group>";
		};
		29C0AB962A27409B00628CA7 /* Preview Content */ = {
			isa = PBXGroup;
			children = (
				29C0AB972A27409B00628CA7 /* Preview Assets.xcassets */,
			);
			path = "Preview Content";
			sourceTree = "<group>";
		};
		29C0AB9E2A2741C600628CA7 /* Views */ = {
			isa = PBXGroup;
			children = (
				29C0AB9F2A2741D800628CA7 /* TemperatureView.swift */,
				29C0ABA12A2741F400628CA7 /* LenghtView.swift */,
				29C0ABA32A27420700628CA7 /* TimeView.swift */,
				29C0ABA52A27420E00628CA7 /* VolumeView.swift */,
				29C0ABA92A2746A800628CA7 /* NoneView.swift */,
			);
			path = Views;
			sourceTree = "<group>";
		};
/* End PBXGroup section */

/* Begin PBXNativeTarget section */
		29C0AB8C2A27409900628CA7 /* SmartConverterChallenge */ = {
			isa = PBXNativeTarget;
			buildConfigurationList = 29C0AB9B2A27409B00628CA7 /* Build configuration list for PBXNativeTarget "SmartConverterChallenge" */;
			buildPhases = (
				29C0AB892A27409900628CA7 /* Sources */,
				29C0AB8A2A27409900628CA7 /* Frameworks */,
				29C0AB8B2A27409900628CA7 /* Resources */,
			);
			buildRules = (
			);
			dependencies = (
			);
			name = SmartConverterChallenge;
			productName = SmartConverterChallenge;
			productReference = 29C0AB8D2A27409900628CA7 /* SmartConverterChallenge.app */;
			productType = "com.apple.product-type.application";
		};
/* End PBXNativeTarget section */

/* Begin PBXProject section */
		29C0AB852A27409900628CA7 /* Project object */ = {
			isa = PBXProject;
			attributes = {
				BuildIndependentTargetsInParallel = 1;
				LastSwiftUpdateCheck = 1410;
				LastUpgradeCheck = 1410;
				TargetAttributes = {
					29C0AB8C2A27409900628CA7 = {
						CreatedOnToolsVersion = 14.1;
					};
				};
			};
			buildConfigurationList = 29C0AB882A27409900628CA7 /* Build configuration list for PBXProject "SmartConverterChallenge" */;
			compatibilityVersion = "Xcode 14.0";
			developmentRegion = en;
			hasScannedForEncodings = 0;
			knownRegions = (
				en,
				Base,
			);
			mainGroup = 29C0AB842A27409900628CA7;
			productRefGroup = 29C0AB8E2A27409900628CA7 /* Products */;
			projectDirPath = "";
			projectRoot = "";
			targets = (
				29C0AB8C2A27409900628CA7 /* SmartConverterChallenge */,
			);
		};
/* End PBXProject section */

/* Begin PBXResourcesBuildPhase section */
		29C0AB8B2A27409900628CA7 /* Resources */ = {
			isa = PBXResourcesBuildPhase;
			buildActionMask = 2147483647;
			files = (
				29C0AB982A27409B00628CA7 /* Preview Assets.xcassets in Resources */,
				29C0AB952A27409B00628CA7 /* Assets.xcassets in Resources */,
			);
			runOnlyForDeploymentPostprocessing = 0;
		};
/* End PBXResourcesBuildPhase section */

/* Begin PBXSourcesBuildPhase section */
		29C0AB892A27409900628CA7 /* Sources */ = {
			isa = PBXSourcesBuildPhase;
			buildActionMask = 2147483647;
			files = (
				29C0ABA22A2741F400628CA7 /* LenghtView.swift in Sources */,
				29C0AB932A27409900628CA7 /* ContentView.swift in Sources */,
				29C0ABA42A27420700628CA7 /* TimeView.swift in Sources */,
				29C0ABA82A27422E00628CA7 /* Converter.swift in Sources */,
				29C0ABAA2A2746A800628CA7 /* NoneView.swift in Sources */,
				29C0ABA02A2741D800628CA7 /* TemperatureView.swift in Sources */,
				29C0ABA62A27420E00628CA7 /* VolumeView.swift in Sources */,
				29C0AB912A27409900628CA7 /* SmartConverterChallengeApp.swift in Sources */,
			);
			runOnlyForDeploymentPostprocessing = 0;
		};
/* End PBXSourcesBuildPhase section */

/* Begin XCBuildConfiguration section */
		29C0AB992A27409B00628CA7 /* Debug */ = {
			isa = XCBuildConfiguration;
			buildSettings = {
				ALWAYS_SEARCH_USER_PATHS = NO;
				CLANG_ANALYZER_NONNULL = YES;
				CLANG_ANALYZER_NUMBER_OBJECT_CONVERSION = YES_AGGRESSIVE;
				CLANG_CXX_LANGUAGE_STANDARD = "gnu++20";
				CLANG_ENABLE_MODULES = YES;
				CLANG_ENABLE_OBJC_ARC = YES;
				CLANG_ENABLE_OBJC_WEAK = YES;
				CLANG_WARN_BLOCK_CAPTURE_AUTORELEASING = YES;
				CLANG_WARN_BOOL_CONVERSION = YES;
				CLANG_WARN_COMMA = YES;
				CLANG_WARN_CONSTANT_CONVERSION = YES;
				CLANG_WARN_DEPRECATED_OBJC_IMPLEMENTATIONS = YES;
				CLANG_WARN_DIRECT_OBJC_ISA_USAGE = YES_ERROR;
				CLANG_WARN_DOCUMENTATION_COMMENTS = YES;
				CLANG_WARN_EMPTY_BODY = YES;
				CLANG_WARN_ENUM_CONVERSION = YES;
				CLANG_WARN_INFINITE_RECURSION = YES;
				CLANG_WARN_INT_CONVERSION = YES;
				CLANG_WARN_NON_LITERAL_NULL_CONVERSION = YES;
				CLANG_WARN_OBJC_IMPLICIT_RETAIN_SELF = YES;
				CLANG_WARN_OBJC_LITERAL_CONVERSION = YES;
				CLANG_WARN_OBJC_ROOT_CLASS = YES_ERROR;
				CLANG_WARN_QUOTED_INCLUDE_IN_FRAMEWORK_HEADER = YES;
				CLANG_WARN_RANGE_LOOP_ANALYSIS = YES;
				CLANG_WARN_STRICT_PROTOTYPES = YES;
				CLANG_WARN_SUSPICIOUS_MOVE = YES;
				CLANG_WARN_UNGUARDED_AVAILABILITY = YES_AGGRESSIVE;
				CLANG_WARN_UNREACHABLE_CODE = YES;
				CLANG_WARN__DUPLICATE_METHOD_MATCH = YES;
				COPY_PHASE_STRIP = NO;
				DEBUG_INFORMATION_FORMAT = dwarf;
				ENABLE_STRICT_OBJC_MSGSEND = YES;
				ENABLE_TESTABILITY = YES;
				GCC_C_LANGUAGE_STANDARD = gnu11;
				GCC_DYNAMIC_NO_PIC = NO;
				GCC_NO_COMMON_BLOCKS = YES;
				GCC_OPTIMIZATION_LEVEL = 0;
				GCC_PREPROCESSOR_DEFINITIONS = (
					"DEBUG=1",
					"$(inherited)",
				);
				GCC_WARN_64_TO_32_BIT_CONVERSION = YES;
				GCC_WARN_ABOUT_RETURN_TYPE = YES_ERROR;
				GCC_WARN_UNDECLARED_SELECTOR = YES;
				GCC_WARN_UNINITIALIZED_AUTOS = YES_AGGRESSIVE;
				GCC_WARN_UNUSED_FUNCTION = YES;
				GCC_WARN_UNUSED_VARIABLE = YES;
				IPHONEOS_DEPLOYMENT_TARGET = 16.1;
				MTL_ENABLE_DEBUG_INFO = INCLUDE_SOURCE;
				MTL_FAST_MATH = YES;
				ONLY_ACTIVE_ARCH = YES;
				SDKROOT = iphoneos;
				SWIFT_ACTIVE_COMPILATION_CONDITIONS = DEBUG;
				SWIFT_OPTIMIZATION_LEVEL = "-Onone";
			};
			name = Debug;
		};
		29C0AB9A2A27409B00628CA7 /* Release */ = {
			isa = XCBuildConfiguration;
			buildSettings = {
				ALWAYS_SEARCH_USER_PATHS = NO;
				CLANG_ANALYZER_NONNULL = YES;
				CLANG_ANALYZER_NUMBER_OBJECT_CONVERSION = YES_AGGRESSIVE;
				CLANG_CXX_LANGUAGE_STANDARD = "gnu++20";
				CLANG_ENABLE_MODULES = YES;
				CLANG_ENABLE_OBJC_ARC = YES;
				CLANG_ENABLE_OBJC_WEAK = YES;
				CLANG_WARN_BLOCK_CAPTURE_AUTORELEASING = YES;
				CLANG_WARN_BOOL_CONVERSION = YES;
				CLANG_WARN_COMMA = YES;
				CLANG_WARN_CONSTANT_CONVERSION = YES;
				CLANG_WARN_DEPRECATED_OBJC_IMPLEMENTATIONS = YES;
				CLANG_WARN_DIRECT_OBJC_ISA_USAGE = YES_ERROR;
				CLANG_WARN_DOCUMENTATION_COMMENTS = YES;
				CLANG_WARN_EMPTY_BODY = YES;
				CLANG_WARN_ENUM_CONVERSION = YES;
				CLANG_WARN_INFINITE_RECURSION = YES;
				CLANG_WARN_INT_CONVERSION = YES;
				CLANG_WARN_NON_LITERAL_NULL_CONVERSION = YES;
				CLANG_WARN_OBJC_IMPLICIT_RETAIN_SELF = YES;
				CLANG_WARN_OBJC_LITERAL_CONVERSION = YES;
				CLANG_WARN_OBJC_ROOT_CLASS = YES_ERROR;
				CLANG_WARN_QUOTED_INCLUDE_IN_FRAMEWORK_HEADER = YES;
				CLANG_WARN_RANGE_LOOP_ANALYSIS = YES;
				CLANG_WARN_STRICT_PROTOTYPES = YES;
				CLANG_WARN_SUSPICIOUS_MOVE = YES;
				CLANG_WARN_UNGUARDED_AVAILABILITY = YES_AGGRESSIVE;
				CLANG_WARN_UNREACHABLE_CODE = YES;
				CLANG_WARN__DUPLICATE_METHOD_MATCH = YES;
				COPY_PHASE_STRIP = NO;
				DEBUG_INFORMATION_FORMAT = "dwarf-with-dsym";
				ENABLE_NS_ASSERTIONS = NO;
				ENABLE_STRICT_OBJC_MSGSEND = YES;
				GCC_C_LANGUAGE_STANDARD = gnu11;
				GCC_NO_COMMON_BLOCKS = YES;
				GCC_WARN_64_TO_32_BIT_CONVERSION = YES;
				GCC_WARN_ABOUT_RETURN_TYPE = YES_ERROR;
				GCC_WARN_UNDECLARED_SELECTOR = YES;
				GCC_WARN_UNINITIALIZED_AUTOS = YES_AGGRESSIVE;
				GCC_WARN_UNUSED_FUNCTION = YES;
				GCC_WARN_UNUSED_VARIABLE = YES;
				IPHONEOS_DEPLOYMENT_TARGET = 16.1;
				MTL_ENABLE_DEBUG_INFO = NO;
				MTL_FAST_MATH = YES;
				SDKROOT = iphoneos;
				SWIFT_COMPILATION_MODE = wholemodule;
				SWIFT_OPTIMIZATION_LEVEL = "-O";
				VALIDATE_PRODUCT = YES;
			};
			name = Release;
		};
		29C0AB9C2A27409B00628CA7 /* Debug */ = {
			isa = XCBuildConfiguration;
			buildSettings = {
				ASSETCATALOG_COMPILER_APPICON_NAME = AppIcon;
				ASSETCATALOG_COMPILER_GLOBAL_ACCENT_COLOR_NAME = AccentColor;
				CODE_SIGN_STYLE = Automatic;
				CURRENT_PROJECT_VERSION = 1;
				DEVELOPMENT_ASSET_PATHS = "\"SmartConverterChallenge/Preview Content\"";
				ENABLE_PREVIEWS = YES;
				GENERATE_INFOPLIST_FILE = YES;
				INFOPLIST_KEY_UIApplicationSceneManifest_Generation = YES;
				INFOPLIST_KEY_UIApplicationSupportsIndirectInputEvents = YES;
				INFOPLIST_KEY_UILaunchScreen_Generation = YES;
				INFOPLIST_KEY_UISupportedInterfaceOrientations_iPad = "UIInterfaceOrientationPortrait UIInterfaceOrientationPortraitUpsideDown UIInterfaceOrientationLandscapeLeft UIInterfaceOrientationLandscapeRight";
				INFOPLIST_KEY_UISupportedInterfaceOrientations_iPhone = "UIInterfaceOrientationPortrait UIInterfaceOrientationLandscapeLeft UIInterfaceOrientationLandscapeRight";
				LD_RUNPATH_SEARCH_PATHS = (
					"$(inherited)",
					"@executable_path/Frameworks",
				);
				MARKETING_VERSION = 1.0;
				PRODUCT_BUNDLE_IDENTIFIER = com.maksymmiliaiev.SmartConverterChallenge;
				PRODUCT_NAME = "$(TARGET_NAME)";
				SWIFT_EMIT_LOC_STRINGS = YES;
				SWIFT_VERSION = 5.0;
				TARGETED_DEVICE_FAMILY = "1,2";
			};
			name = Debug;
		};
		29C0AB9D2A27409B00628CA7 /* Release */ = {
			isa = XCBuildConfiguration;
			buildSettings = {
				ASSETCATALOG_COMPILER_APPICON_NAME = AppIcon;
				ASSETCATALOG_COMPILER_GLOBAL_ACCENT_COLOR_NAME = AccentColor;
				CODE_SIGN_STYLE = Automatic;
				CURRENT_PROJECT_VERSION = 1;
				DEVELOPMENT_ASSET_PATHS = "\"SmartConverterChallenge/Preview Content\"";
				ENABLE_PREVIEWS = YES;
				GENERATE_INFOPLIST_FILE = YES;
				INFOPLIST_KEY_UIApplicationSceneManifest_Generation = YES;
				INFOPLIST_KEY_UIApplicationSupportsIndirectInputEvents = YES;
				INFOPLIST_KEY_UILaunchScreen_Generation = YES;
				INFOPLIST_KEY_UISupportedInterfaceOrientations_iPad = "UIInterfaceOrientationPortrait UIInterfaceOrientationPortraitUpsideDown UIInterfaceOrientationLandscapeLeft UIInterfaceOrientationLandscapeRight";
				INFOPLIST_KEY_UISupportedInterfaceOrientations_iPhone = "UIInterfaceOrientationPortrait UIInterfaceOrientationLandscapeLeft UIInterfaceOrientationLandscapeRight";
				LD_RUNPATH_SEARCH_PATHS = (
					"$(inherited)",
					"@executable_path/Frameworks",
				);
				MARKETING_VERSION = 1.0;
				PRODUCT_BUNDLE_IDENTIFIER = com.maksymmiliaiev.SmartConverterChallenge;
				PRODUCT_NAME = "$(TARGET_NAME)";
				SWIFT_EMIT_LOC_STRINGS = YES;
				SWIFT_VERSION = 5.0;
				TARGETED_DEVICE_FAMILY = "1,2";
			};
			name = Release;
		};
/* End XCBuildConfiguration section */

/* Begin XCConfigurationList section */
		29C0AB882A27409900628CA7 /* Build configuration list for PBXProject "SmartConverterChallenge" */ = {
			isa = XCConfigurationList;
			buildConfigurations = (
				29C0AB992A27409B00628CA7 /* Debug */,
				29C0AB9A2A27409B00628CA7 /* Release */,
			);
			defaultConfigurationIsVisible = 0;
			defaultConfigurationName = Release;
		};
		29C0AB9B2A27409B00628CA7 /* Build configuration list for PBXNativeTarget "SmartConverterChallenge" */ = {
			isa = XCConfigurationList;
			buildConfigurations = (
				29C0AB9C2A27409B00628CA7 /* Debug */,
				29C0AB9D2A27409B00628CA7 /* Release */,
			);
			defaultConfigurationIsVisible = 0;
			defaultConfigurationName = Release;
		};
/* End XCConfigurationList section */
	};
	rootObject = 29C0AB852A27409900628CA7 /* Project object */;
}
